
Microsoft Visual Studio Solution File, Format Version 12.00
# Visual Studio Version 17
VisualStudioVersion = 17.2.32519.379
MinimumVisualStudioVersion = 10.0.40219.1
Project("{FAE04EC0-301F-11D3-BF4B-00C04F79EFBC}") = "addressbook_tests_autoit v1.2", "addressbook_tests_autoit v1.2\addressbook_tests_autoit v1.2.csproj", "{8A176382-B8C0-4BFF-AFE7-AABC8BBCB1B8}"
EndProject
Global
	GlobalSection(SolutionConfigurationPlatforms) = preSolution
		Debug|Any CPU = Debug|Any CPU
		Release|Any CPU = Release|Any CPU
	EndGlobalSection
	GlobalSection(ProjectConfigurationPlatforms) = postSolution
		{8A176382-B8C0-4BFF-AFE7-AABC8BBCB1B8}.Debug|Any CPU.ActiveCfg = Debug|Any CPU
		{8A176382-B8C0-4BFF-AFE7-AABC8BBCB1B8}.Debug|Any CPU.Build.0 = Debug|Any CPU
		{8A176382-B8C0-4BFF-AFE7-AABC8BBCB1B8}.Release|Any CPU.ActiveCfg = Release|Any CPU
		{8A176382-B8C0-4BFF-AFE7-AABC8BBCB1B8}.Release|Any CPU.Build.0 = Release|Any CPU
	EndGlobalSection
	GlobalSection(SolutionProperties) = preSolution
		HideSolutionNode = FALSE
	EndGlobalSection
	GlobalSection(ExtensibilityGlobals) = postSolution
		SolutionGuid = {465459D7-0680-4252-9052-0CF8DDE1BA41}
	EndGlobalSection
EndGlobal
